
Microsoft Visual Studio Solution File, Format Version 12.00
# Visual Studio Version 16
VisualStudioVersion = 16.0.30804.86
MinimumVisualStudioVersion = 10.0.40219.1
Project("{FAE04EC0-301F-11D3-BF4B-00C04F79EFBC}") = "LibraryTask2", "LibraryTask2\LibraryTask2.csproj", "{B952AF20-B07D-4997-905C-6B6BE9C869A0}"
EndProject
Global
	GlobalSection(SolutionConfigurationPlatforms) = preSolution
		Debug|Any CPU = Debug|Any CPU
		Release|Any CPU = Release|Any CPU
	EndGlobalSection
	GlobalSection(ProjectConfigurationPlatforms) = postSolution
		{B952AF20-B07D-4997-905C-6B6BE9C869A0}.Debug|Any CPU.ActiveCfg = Debug|Any CPU
		{B952AF20-B07D-4997-905C-6B6BE9C869A0}.Debug|Any CPU.Build.0 = Debug|Any CPU
		{B952AF20-B07D-4997-905C-6B6BE9C869A0}.Release|Any CPU.ActiveCfg = Release|Any CPU
		{B952AF20-B07D-4997-905C-6B6BE9C869A0}.Release|Any CPU.Build.0 = Release|Any CPU
	EndGlobalSection
	GlobalSection(SolutionProperties) = preSolution
		HideSolutionNode = FALSE
	EndGlobalSection
	GlobalSection(ExtensibilityGlobals) = postSolution
		SolutionGuid = {0AA008BA-652C-4128-9BD6-2BCFD67C36DD}
	EndGlobalSection
EndGlobal
